
Microsoft Visual Studio Solution File, Format Version 12.00
# Visual Studio 14
VisualStudioVersion = 14.0.25420.1
MinimumVisualStudioVersion = 10.0.40219.1
Project("{FAE04EC0-301F-11D3-BF4B-00C04F79EFBC}") = "LicenseTool", "LicenseTool\LicenseTool.csproj", "{21594CC1-7E35-4F31-8F17-4A1423A63E58}"
EndProject
Project("{FAE04EC0-301F-11D3-BF4B-00C04F79EFBC}") = "EasyLicense.Lib", "EasyLicense.Lib\EasyLicense.Lib.csproj", "{3F080765-0AF5-4083-92C4-93D194924BB3}"
EndProject
Global
	GlobalSection(SolutionConfigurationPlatforms) = preSolution
		Debug|Any CPU = Debug|Any CPU
		Release|Any CPU = Release|Any CPU
	EndGlobalSection
	GlobalSection(ProjectConfigurationPlatforms) = postSolution
		{21594CC1-7E35-4F31-8F17-4A1423A63E58}.Debug|Any CPU.ActiveCfg = Debug|Any CPU
		{21594CC1-7E35-4F31-8F17-4A1423A63E58}.Debug|Any CPU.Build.0 = Debug|Any CPU
		{21594CC1-7E35-4F31-8F17-4A1423A63E58}.Release|Any CPU.ActiveCfg = Release|Any CPU
		{21594CC1-7E35-4F31-8F17-4A1423A63E58}.Release|Any CPU.Build.0 = Release|Any CPU
		{3F080765-0AF5-4083-92C4-93D194924BB3}.Debug|Any CPU.ActiveCfg = Debug|Any CPU
		{3F080765-0AF5-4083-92C4-93D194924BB3}.Debug|Any CPU.Build.0 = Debug|Any CPU
		{3F080765-0AF5-4083-92C4-93D194924BB3}.Release|Any CPU.ActiveCfg = Release|Any CPU
		{3F080765-0AF5-4083-92C4-93D194924BB3}.Release|Any CPU.Build.0 = Release|Any CPU
	EndGlobalSection
	GlobalSection(SolutionProperties) = preSolution
		HideSolutionNode = FALSE
	EndGlobalSection
EndGlobal
